// !$*UTF8*$!
{
	archiveVersion = 1;
	classes = {
	};
	objectVersion = 50;
	objects = {

/* Begin PBXBuildFile section */
		3BE688752135F5D40068CDB8 /* AppDelegate.swift in Sources */ = {isa = PBXBuildFile; fileRef = 3BE688742135F5D40068CDB8 /* AppDelegate.swift */; };
		3BE688772135F5D40068CDB8 /* ViewController.swift in Sources */ = {isa = PBXBuildFile; fileRef = 3BE688762135F5D40068CDB8 /* ViewController.swift */; };
		3BE6887A2135F5D40068CDB8 /* Main.storyboard in Resources */ = {isa = PBXBuildFile; fileRef = 3BE688782135F5D40068CDB8 /* Main.storyboard */; };
		3BE6887C2135F5D50068CDB8 /* Assets.xcassets in Resources */ = {isa = PBXBuildFile; fileRef = 3BE6887B2135F5D50068CDB8 /* Assets.xcassets */; };
		3BE6887F2135F5D50068CDB8 /* LaunchScreen.storyboard in Resources */ = {isa = PBXBuildFile; fileRef = 3BE6887D2135F5D50068CDB8 /* LaunchScreen.storyboard */; };
		3BE6888B2135F6430068CDB8 /* AlarmController.swift in Sources */ = {isa = PBXBuildFile; fileRef = 3BE6888A2135F6430068CDB8 /* AlarmController.swift */; };
		3BE6888E2135F67C0068CDB8 /* Alarm.swift in Sources */ = {isa = PBXBuildFile; fileRef = 3BE6888D2135F67C0068CDB8 /* Alarm.swift */; };
/* End PBXBuildFile section */

/* Begin PBXFileReference section */
		3BE688712135F5D40068CDB8 /* Alarm2.0.app */ = {isa = PBXFileReference; explicitFileType = wrapper.application; includeInIndex = 0; path = Alarm2.0.app; sourceTree = BUILT_PRODUCTS_DIR; };
		3BE688742135F5D40068CDB8 /* AppDelegate.swift */ = {isa = PBXFileReference; lastKnownFileType = sourcecode.swift; path = AppDelegate.swift; sourceTree = "<group>"; };
		3BE688762135F5D40068CDB8 /* ViewController.swift */ = {isa = PBXFileReference; lastKnownFileType = sourcecode.swift; path = ViewController.swift; sourceTree = "<group>"; };
		3BE688792135F5D40068CDB8 /* Base */ = {isa = PBXFileReference; lastKnownFileType = file.storyboard; name = Base; path = Base.lproj/Main.storyboard; sourceTree = "<group>"; };
		3BE6887B2135F5D50068CDB8 /* Assets.xcassets */ = {isa = PBXFileReference; lastKnownFileType = folder.assetcatalog; path = Assets.xcassets; sourceTree = "<group>"; };
		3BE6887E2135F5D50068CDB8 /* Base */ = {isa = PBXFileReference; lastKnownFileType = file.storyboard; name = Base; path = Base.lproj/LaunchScreen.storyboard; sourceTree = "<group>"; };
		3BE688802135F5D50068CDB8 /* Info.plist */ = {isa = PBXFileReference; lastKnownFileType = text.plist.xml; path = Info.plist; sourceTree = "<group>"; };
		3BE6888A2135F6430068CDB8 /* AlarmController.swift */ = {isa = PBXFileReference; lastKnownFileType = sourcecode.swift; path = AlarmController.swift; sourceTree = "<group>"; };
		3BE6888D2135F67C0068CDB8 /* Alarm.swift */ = {isa = PBXFileReference; lastKnownFileType = sourcecode.swift; path = Alarm.swift; sourceTree = "<group>"; };
/* End PBXFileReference section */

/* Begin PBXFrameworksBuildPhase section */
		3BE6886E2135F5D40068CDB8 /* Frameworks */ = {
			isa = PBXFrameworksBuildPhase;
			buildActionMask = 2147483647;
			files = (
			);
			runOnlyForDeploymentPostprocessing = 0;
		};
/* End PBXFrameworksBuildPhase section */

/* Begin PBXGroup section */
		3BE688682135F5D40068CDB8 = {
			isa = PBXGroup;
			children = (
				3BE688732135F5D40068CDB8 /* Alarm2.0 */,
				3BE688722135F5D40068CDB8 /* Products */,
			);
			sourceTree = "<group>";
		};
		3BE688722135F5D40068CDB8 /* Products */ = {
			isa = PBXGroup;
			children = (
				3BE688712135F5D40068CDB8 /* Alarm2.0.app */,
			);
			name = Products;
			sourceTree = "<group>";
		};
		3BE688732135F5D40068CDB8 /* Alarm2.0 */ = {
			isa = PBXGroup;
			children = (
				3BE6888C2135F6680068CDB8 /* Model Controller */,
				3BE688892135F6260068CDB8 /* Views */,
				3BE688882135F61E0068CDB8 /* Model */,
				3BE688872135F5FF0068CDB8 /* View Controller */,
				3BE688862135F5F10068CDB8 /* Resources */,
			);
			path = Alarm2.0;
			sourceTree = "<group>";
		};
		3BE688862135F5F10068CDB8 /* Resources */ = {
			isa = PBXGroup;
			children = (
				3BE688742135F5D40068CDB8 /* AppDelegate.swift */,
				3BE6887B2135F5D50068CDB8 /* Assets.xcassets */,
				3BE6887D2135F5D50068CDB8 /* LaunchScreen.storyboard */,
				3BE688802135F5D50068CDB8 /* Info.plist */,
			);
			path = Resources;
			sourceTree = "<group>";
		};
		3BE688872135F5FF0068CDB8 /* View Controller */ = {
			isa = PBXGroup;
			children = (
				3BE688762135F5D40068CDB8 /* ViewController.swift */,
			);
			path = "View Controller";
			sourceTree = "<group>";
		};
		3BE688882135F61E0068CDB8 /* Model */ = {
			isa = PBXGroup;
			children = (
				3BE6888D2135F67C0068CDB8 /* Alarm.swift */,
			);
			path = Model;
			sourceTree = "<group>";
		};
		3BE688892135F6260068CDB8 /* Views */ = {
			isa = PBXGroup;
			children = (
				3BE688782135F5D40068CDB8 /* Main.storyboard */,
			);
			path = Views;
			sourceTree = "<group>";
		};
		3BE6888C2135F6680068CDB8 /* Model Controller */ = {
			isa = PBXGroup;
			children = (
				3BE6888A2135F6430068CDB8 /* AlarmController.swift */,
			);
			path = "Model Controller";
			sourceTree = "<group>";
		};
/* End PBXGroup section */

/* Begin PBXNativeTarget section */
		3BE688702135F5D40068CDB8 /* Alarm2.0 */ = {
			isa = PBXNativeTarget;
			buildConfigurationList = 3BE688832135F5D50068CDB8 /* Build configuration list for PBXNativeTarget "Alarm2.0" */;
			buildPhases = (
				3BE6886D2135F5D40068CDB8 /* Sources */,
				3BE6886E2135F5D40068CDB8 /* Frameworks */,
				3BE6886F2135F5D40068CDB8 /* Resources */,
			);
			buildRules = (
			);
			dependencies = (
			);
			name = Alarm2.0;
			productName = Alarm2.0;
			productReference = 3BE688712135F5D40068CDB8 /* Alarm2.0.app */;
			productType = "com.apple.product-type.application";
		};
/* End PBXNativeTarget section */

/* Begin PBXProject section */
		3BE688692135F5D40068CDB8 /* Project object */ = {
			isa = PBXProject;
			attributes = {
				LastSwiftUpdateCheck = 0940;
				LastUpgradeCheck = 0940;
				ORGANIZATIONNAME = "Kamil Wrobel";
				TargetAttributes = {
					3BE688702135F5D40068CDB8 = {
						CreatedOnToolsVersion = 9.4.1;
					};
				};
			};
			buildConfigurationList = 3BE6886C2135F5D40068CDB8 /* Build configuration list for PBXProject "Alarm2.0" */;
			compatibilityVersion = "Xcode 9.3";
			developmentRegion = en;
			hasScannedForEncodings = 0;
			knownRegions = (
				en,
				Base,
			);
			mainGroup = 3BE688682135F5D40068CDB8;
			productRefGroup = 3BE688722135F5D40068CDB8 /* Products */;
			projectDirPath = "";
			projectRoot = "";
			targets = (
				3BE688702135F5D40068CDB8 /* Alarm2.0 */,
			);
		};
/* End PBXProject section */

/* Begin PBXResourcesBuildPhase section */
		3BE6886F2135F5D40068CDB8 /* Resources */ = {
			isa = PBXResourcesBuildPhase;
			buildActionMask = 2147483647;
			files = (
				3BE6887F2135F5D50068CDB8 /* LaunchScreen.storyboard in Resources */,
				3BE6887C2135F5D50068CDB8 /* Assets.xcassets in Resources */,
				3BE6887A2135F5D40068CDB8 /* Main.storyboard in Resources */,
			);
			runOnlyForDeploymentPostprocessing = 0;
		};
/* End PBXResourcesBuildPhase section */

/* Begin PBXSourcesBuildPhase section */
		3BE6886D2135F5D40068CDB8 /* Sources */ = {
			isa = PBXSourcesBuildPhase;
			buildActionMask = 2147483647;
			files = (
				3BE688772135F5D40068CDB8 /* ViewController.swift in Sources */,
				3BE688752135F5D40068CDB8 /* AppDelegate.swift in Sources */,
				3BE6888B2135F6430068CDB8 /* AlarmController.swift in Sources */,
				3BE6888E2135F67C0068CDB8 /* Alarm.swift in Sources */,
			);
			runOnlyForDeploymentPostprocessing = 0;
		};
/* End PBXSourcesBuildPhase section */

/* Begin PBXVariantGroup section */
		3BE688782135F5D40068CDB8 /* Main.storyboard */ = {
			isa = PBXVariantGroup;
			children = (
				3BE688792135F5D40068CDB8 /* Base */,
			);
			name = Main.storyboard;
			sourceTree = "<group>";
		};
		3BE6887D2135F5D50068CDB8 /* LaunchScreen.storyboard */ = {
			isa = PBXVariantGroup;
			children = (
				3BE6887E2135F5D50068CDB8 /* Base */,
			);
			name = LaunchScreen.storyboard;
			sourceTree = "<group>";
		};
/* End PBXVariantGroup section */

/* Begin XCBuildConfiguration section */
		3BE688812135F5D50068CDB8 /* Debug */ = {
			isa = XCBuildConfiguration;
			buildSettings = {
				ALWAYS_SEARCH_USER_PATHS = NO;
				CLANG_ANALYZER_NONNULL = YES;
				CLANG_ANALYZER_NUMBER_OBJECT_CONVERSION = YES_AGGRESSIVE;
				CLANG_CXX_LANGUAGE_STANDARD = "gnu++14";
				CLANG_CXX_LIBRARY = "libc++";
				CLANG_ENABLE_MODULES = YES;
				CLANG_ENABLE_OBJC_ARC = YES;
				CLANG_ENABLE_OBJC_WEAK = YES;
				CLANG_WARN_BLOCK_CAPTURE_AUTORELEASING = YES;
				CLANG_WARN_BOOL_CONVERSION = YES;
				CLANG_WARN_COMMA = YES;
				CLANG_WARN_CONSTANT_CONVERSION = YES;
				CLANG_WARN_DEPRECATED_OBJC_IMPLEMENTATIONS = YES;
				CLANG_WARN_DIRECT_OBJC_ISA_USAGE = YES_ERROR;
				CLANG_WARN_DOCUMENTATION_COMMENTS = YES;
				CLANG_WARN_EMPTY_BODY = YES;
				CLANG_WARN_ENUM_CONVERSION = YES;
				CLANG_WARN_INFINITE_RECURSION = YES;
				CLANG_WARN_INT_CONVERSION = YES;
				CLANG_WARN_NON_LITERAL_NULL_CONVERSION = YES;
				CLANG_WARN_OBJC_IMPLICIT_RETAIN_SELF = YES;
				CLANG_WARN_OBJC_LITERAL_CONVERSION = YES;
				CLANG_WARN_OBJC_ROOT_CLASS = YES_ERROR;
				CLANG_WARN_RANGE_LOOP_ANALYSIS = YES;
				CLANG_WARN_STRICT_PROTOTYPES = YES;
				CLANG_WARN_SUSPICIOUS_MOVE = YES;
				CLANG_WARN_UNGUARDED_AVAILABILITY = YES_AGGRESSIVE;
				CLANG_WARN_UNREACHABLE_CODE = YES;
				CLANG_WARN__DUPLICATE_METHOD_MATCH = YES;
				CODE_SIGN_IDENTITY = "iPhone Developer";
				COPY_PHASE_STRIP = NO;
				DEBUG_INFORMATION_FORMAT = dwarf;
				ENABLE_STRICT_OBJC_MSGSEND = YES;
				ENABLE_TESTABILITY = YES;
				GCC_C_LANGUAGE_STANDARD = gnu11;
				GCC_DYNAMIC_NO_PIC = NO;
				GCC_NO_COMMON_BLOCKS = YES;
				GCC_OPTIMIZATION_LEVEL = 0;
				GCC_PREPROCESSOR_DEFINITIONS = (
					"DEBUG=1",
					"$(inherited)",
				);
				GCC_WARN_64_TO_32_BIT_CONVERSION = YES;
				GCC_WARN_ABOUT_RETURN_TYPE = YES_ERROR;
				GCC_WARN_UNDECLARED_SELECTOR = YES;
				GCC_WARN_UNINITIALIZED_AUTOS = YES_AGGRESSIVE;
				GCC_WARN_UNUSED_FUNCTION = YES;
				GCC_WARN_UNUSED_VARIABLE = YES;
				IPHONEOS_DEPLOYMENT_TARGET = 11.4;
				MTL_ENABLE_DEBUG_INFO = YES;
				ONLY_ACTIVE_ARCH = YES;
				SDKROOT = iphoneos;
				SWIFT_ACTIVE_COMPILATION_CONDITIONS = DEBUG;
				SWIFT_OPTIMIZATION_LEVEL = "-Onone";
			};
			name = Debug;
		};
		3BE688822135F5D50068CDB8 /* Release */ = {
			isa = XCBuildConfiguration;
			buildSettings = {
				ALWAYS_SEARCH_USER_PATHS = NO;
				CLANG_ANALYZER_NONNULL = YES;
				CLANG_ANALYZER_NUMBER_OBJECT_CONVERSION = YES_AGGRESSIVE;
				CLANG_CXX_LANGUAGE_STANDARD = "gnu++14";
				CLANG_CXX_LIBRARY = "libc++";
				CLANG_ENABLE_MODULES = YES;
				CLANG_ENABLE_OBJC_ARC = YES;
				CLANG_ENABLE_OBJC_WEAK = YES;
				CLANG_WARN_BLOCK_CAPTURE_AUTORELEASING = YES;
				CLANG_WARN_BOOL_CONVERSION = YES;
				CLANG_WARN_COMMA = YES;
				CLANG_WARN_CONSTANT_CONVERSION = YES;
				CLANG_WARN_DEPRECATED_OBJC_IMPLEMENTATIONS = YES;
				CLANG_WARN_DIRECT_OBJC_ISA_USAGE = YES_ERROR;
				CLANG_WARN_DOCUMENTATION_COMMENTS = YES;
				CLANG_WARN_EMPTY_BODY = YES;
				CLANG_WARN_ENUM_CONVERSION = YES;
				CLANG_WARN_INFINITE_RECURSION = YES;
				CLANG_WARN_INT_CONVERSION = YES;
				CLANG_WARN_NON_LITERAL_NULL_CONVERSION = YES;
				CLANG_WARN_OBJC_IMPLICIT_RETAIN_SELF = YES;
				CLANG_WARN_OBJC_LITERAL_CONVERSION = YES;
				CLANG_WARN_OBJC_ROOT_CLASS = YES_ERROR;
				CLANG_WARN_RANGE_LOOP_ANALYSIS = YES;
				CLANG_WARN_STRICT_PROTOTYPES = YES;
				CLANG_WARN_SUSPICIOUS_MOVE = YES;
				CLANG_WARN_UNGUARDED_AVAILABILITY = YES_AGGRESSIVE;
				CLANG_WARN_UNREACHABLE_CODE = YES;
				CLANG_WARN__DUPLICATE_METHOD_MATCH = YES;
				CODE_SIGN_IDENTITY = "iPhone Developer";
				COPY_PHASE_STRIP = NO;
				DEBUG_INFORMATION_FORMAT = "dwarf-with-dsym";
				ENABLE_NS_ASSERTIONS = NO;
				ENABLE_STRICT_OBJC_MSGSEND = YES;
				GCC_C_LANGUAGE_STANDARD = gnu11;
				GCC_NO_COMMON_BLOCKS = YES;
				GCC_WARN_64_TO_32_BIT_CONVERSION = YES;
				GCC_WARN_ABOUT_RETURN_TYPE = YES_ERROR;
				GCC_WARN_UNDECLARED_SELECTOR = YES;
				GCC_WARN_UNINITIALIZED_AUTOS = YES_AGGRESSIVE;
				GCC_WARN_UNUSED_FUNCTION = YES;
				GCC_WARN_UNUSED_VARIABLE = YES;
				IPHONEOS_DEPLOYMENT_TARGET = 11.4;
				MTL_ENABLE_DEBUG_INFO = NO;
				SDKROOT = iphoneos;
				SWIFT_COMPILATION_MODE = wholemodule;
				SWIFT_OPTIMIZATION_LEVEL = "-O";
				VALIDATE_PRODUCT = YES;
			};
			name = Release;
		};
		3BE688842135F5D50068CDB8 /* Debug */ = {
			isa = XCBuildConfiguration;
			buildSettings = {
				ASSETCATALOG_COMPILER_APPICON_NAME = AppIcon;
				CODE_SIGN_STYLE = Automatic;
				DEVELOPMENT_TEAM = 5EAUJPVR66;
				INFOPLIST_FILE = Alarm2.0/Info.plist;
				LD_RUNPATH_SEARCH_PATHS = (
					"$(inherited)",
					"@executable_path/Frameworks",
				);
				PRODUCT_BUNDLE_IDENTIFIER = "com.xwrobelekx.Alarm2-0";
				PRODUCT_NAME = "$(TARGET_NAME)";
				SWIFT_VERSION = 4.0;
				TARGETED_DEVICE_FAMILY = "1,2";
			};
			name = Debug;
		};
		3BE688852135F5D50068CDB8 /* Release */ = {
			isa = XCBuildConfiguration;
			buildSettings = {
				ASSETCATALOG_COMPILER_APPICON_NAME = AppIcon;
				CODE_SIGN_STYLE = Automatic;
				DEVELOPMENT_TEAM = 5EAUJPVR66;
				INFOPLIST_FILE = Alarm2.0/Info.plist;
				LD_RUNPATH_SEARCH_PATHS = (
					"$(inherited)",
					"@executable_path/Frameworks",
				);
				PRODUCT_BUNDLE_IDENTIFIER = "com.xwrobelekx.Alarm2-0";
				PRODUCT_NAME = "$(TARGET_NAME)";
				SWIFT_VERSION = 4.0;
				TARGETED_DEVICE_FAMILY = "1,2";
			};
			name = Release;
		};
/* End XCBuildConfiguration section */

/* Begin XCConfigurationList section */
		3BE6886C2135F5D40068CDB8 /* Build configuration list for PBXProject "Alarm2.0" */ = {
			isa = XCConfigurationList;
			buildConfigurations = (
				3BE688812135F5D50068CDB8 /* Debug */,
				3BE688822135F5D50068CDB8 /* Release */,
			);
			defaultConfigurationIsVisible = 0;
			defaultConfigurationName = Release;
		};
		3BE688832135F5D50068CDB8 /* Build configuration list for PBXNativeTarget "Alarm2.0" */ = {
			isa = XCConfigurationList;
			buildConfigurations = (
				3BE688842135F5D50068CDB8 /* Debug */,
				3BE688852135F5D50068CDB8 /* Release */,
			);
			defaultConfigurationIsVisible = 0;
			defaultConfigurationName = Release;
		};
/* End XCConfigurationList section */
	};
	rootObject = 3BE688692135F5D40068CDB8 /* Project object */;
}
